Microsoft Visual Studio Solution File, Format Version 12.00
# Visual Studio Version 16
VisualStudioVersion = 16.0.0.0
MinimumVisualStudioVersion = 16.0.0.0
Project("{609E5493-B1FD-4082-BA23-375E6D046F05}") = "AutoMB", "AutoMB\AutoMB.csproj", "{62013A29-B5DE-4EFF-BECD-744669339A2F}"
EndProject
Project("{609E5493-B1FD-4082-BA23-375E6D046F05}") = "AutoMB.Client", "AutoMB.Client\AutoMB.Client.csproj", "{AB8A3E7B-3C6E-49FA-935D-86712CADC9F5}"
EndProject
Global
	GlobalSection(SolutionConfigurationPlatforms) = preSolution
		Debug|Any CPU = Debug|Any CPU
		Debug|x64 = Debug|x64
		Debug|x86 = Debug|x86
		Release|Any CPU = Release|Any CPU
		Release|x64 = Release|x64
		Release|x86 = Release|x86
	EndGlobalSection
	GlobalSection(ProjectConfigurationPlatforms) = postSolution
		{07F3DD8C-31B2-4AAC-A8B4-9106F78BBD2E}.Debug|Any CPU.ActiveCfg = Debug|Any CPU
		{07F3DD8C-31B2-4AAC-A8B4-9106F78BBD2E}.Debug|Any CPU.Build.0 = Debug|Any CPU
		{07F3DD8C-31B2-4AAC-A8B4-9106F78BBD2E}.Debug|x64.ActiveCfg = Debug|Any CPU
		{07F3DD8C-31B2-4AAC-A8B4-9106F78BBD2E}.Debug|x64.Build.0 = Debug|Any CPU
		{07F3DD8C-31B2-4AAC-A8B4-9106F78BBD2E}.Debug|x86.ActiveCfg = Debug|Any CPU
		{07F3DD8C-31B2-4AAC-A8B4-9106F78BBD2E}.Debug|x86.Build.0 = Debug|Any CPU
		{07F3DD8C-31B2-4AAC-A8B4-9106F78BBD2E}.Release|Any CPU.ActiveCfg = Release|Any CPU
		{07F3DD8C-31B2-4AAC-A8B4-9106F78BBD2E}.Release|Any CPU.Build.0 = Release|Any CPU
		{07F3DD8C-31B2-4AAC-A8B4-9106F78BBD2E}.Release|x64.ActiveCfg = Release|Any CPU
		{07F3DD8C-31B2-4AAC-A8B4-9106F78BBD2E}.Release|x64.Build.0 = Release|Any CPU
		{07F3DD8C-31B2-4AAC-A8B4-9106F78BBD2E}.Release|x86.ActiveCfg = Release|Any CPU
		{07F3DD8C-31B2-4AAC-A8B4-9106F78BBD2E}.Release|x86.Build.0 = Release|Any CPU
		{745B69B5-3CCB-4BB0-8F0E-373526FAA37E}.Debug|Any CPU.ActiveCfg = Debug|Any CPU
		{745B69B5-3CCB-4BB0-8F0E-373526FAA37E}.Debug|Any CPU.Build.0 = Debug|Any CPU
		{745B69B5-3CCB-4BB0-8F0E-373526FAA37E}.Debug|x64.ActiveCfg = Debug|Any CPU
		{745B69B5-3CCB-4BB0-8F0E-373526FAA37E}.Debug|x64.Build.0 = Debug|Any CPU
		{745B69B5-3CCB-4BB0-8F0E-373526FAA37E}.Debug|x86.ActiveCfg = Debug|Any CPU
		{745B69B5-3CCB-4BB0-8F0E-373526FAA37E}.Debug|x86.Build.0 = Debug|Any CPU
		{745B69B5-3CCB-4BB0-8F0E-373526FAA37E}.Release|Any CPU.ActiveCfg = Release|Any CPU
		{745B69B5-3CCB-4BB0-8F0E-373526FAA37E}.Release|Any CPU.Build.0 = Release|Any CPU
		{745B69B5-3CCB-4BB0-8F0E-373526FAA37E}.Release|x64.ActiveCfg = Release|Any CPU
		{745B69B5-3CCB-4BB0-8F0E-373526FAA37E}.Release|x64.Build.0 = Release|Any CPU
		{745B69B5-3CCB-4BB0-8F0E-373526FAA37E}.Release|x86.ActiveCfg = Release|Any CPU
		{745B69B5-3CCB-4BB0-8F0E-373526FAA37E}.Release|x86.Build.0 = Release|Any CPU
	EndGlobalSection
	GlobalSection(SolutionProperties) = preSolution
		HideSolutionNode = FALSE
	EndGlobalSection
	GlobalSection(ExtensibilityGlobals) = postSolution
		SolutionGuid = {8298CD0B-E27A-40A0-9F6D-66638141A3AE}
	EndGlobalSection
EndGlobal
