
Microsoft Visual Studio Solution File, Format Version 12.00
# Visual Studio Version 17
VisualStudioVersion = 17.5.002.0
MinimumVisualStudioVersion = 10.0.40219.1
Project("{9A19103F-16F7-4668-BE54-9A1E7A4F7556}") = "spectre-example", "spectre-example.csproj", "{ADBC16F5-CD49-4C89-9EB7-B50FB8998CF6}"
EndProject
Global
	GlobalSection(SolutionConfigurationPlatforms) = preSolution
		Debug|Any CPU = Debug|Any CPU
		Release|Any CPU = Release|Any CPU
	EndGlobalSection
	GlobalSection(ProjectConfigurationPlatforms) = postSolution
		{ADBC16F5-CD49-4C89-9EB7-B50FB8998CF6}.Debug|Any CPU.ActiveCfg = Debug|Any CPU
		{ADBC16F5-CD49-4C89-9EB7-B50FB8998CF6}.Debug|Any CPU.Build.0 = Debug|Any CPU
		{ADBC16F5-CD49-4C89-9EB7-B50FB8998CF6}.Release|Any CPU.ActiveCfg = Release|Any CPU
		{ADBC16F5-CD49-4C89-9EB7-B50FB8998CF6}.Release|Any CPU.Build.0 = Release|Any CPU
	EndGlobalSection
	GlobalSection(SolutionProperties) = preSolution
		HideSolutionNode = FALSE
	EndGlobalSection
	GlobalSection(ExtensibilityGlobals) = postSolution
		SolutionGuid = {33CC8AFF-059C-4546-B5D4-286BAB3EF98A}
	EndGlobalSection
EndGlobal
