Microsoft Visual Studio Solution File, Format Version 12.00
# Visual Studio Version 16
VisualStudioVersion = 16.0.0.0
MinimumVisualStudioVersion = 16.0.0.0
Project("{9A19103F-16F7-4668-BE54-9A1E7A4F7556}") = "BlazorApp", "BlazorApp\BlazorApp.csproj", "{BB8CF8CB-ED4C-4D70-8BA4-CBC63F21CFE1}"
EndProject
Project("{9A19103F-16F7-4668-BE54-9A1E7A4F7556}") = "BlazorApp.Client", "BlazorApp.Client\BlazorApp.Client.csproj", "{ABF9356E-312E-4C5B-92E6-E5FE3B7E59F9}"
EndProject
Global
	GlobalSection(SolutionConfigurationPlatforms) = preSolution
		Debug|Any CPU = Debug|Any CPU
		Debug|x64 = Debug|x64
		Debug|x86 = Debug|x86
		Release|Any CPU = Release|Any CPU
		Release|x64 = Release|x64
		Release|x86 = Release|x86
	EndGlobalSection
	GlobalSection(ProjectConfigurationPlatforms) = postSolution
		{ABF9356E-312E-4C5B-92E6-E5FE3B7E59F9}.Debug|Any CPU.ActiveCfg = Debug|Any CPU
		{ABF9356E-312E-4C5B-92E6-E5FE3B7E59F9}.Debug|Any CPU.Build.0 = Debug|Any CPU
		{ABF9356E-312E-4C5B-92E6-E5FE3B7E59F9}.Debug|x64.ActiveCfg = Debug|Any CPU
		{ABF9356E-312E-4C5B-92E6-E5FE3B7E59F9}.Debug|x64.Build.0 = Debug|Any CPU
		{ABF9356E-312E-4C5B-92E6-E5FE3B7E59F9}.Debug|x86.ActiveCfg = Debug|Any CPU
		{ABF9356E-312E-4C5B-92E6-E5FE3B7E59F9}.Debug|x86.Build.0 = Debug|Any CPU
		{ABF9356E-312E-4C5B-92E6-E5FE3B7E59F9}.Release|Any CPU.ActiveCfg = Release|Any CPU
		{ABF9356E-312E-4C5B-92E6-E5FE3B7E59F9}.Release|Any CPU.Build.0 = Release|Any CPU
		{ABF9356E-312E-4C5B-92E6-E5FE3B7E59F9}.Release|x64.ActiveCfg = Release|Any CPU
		{ABF9356E-312E-4C5B-92E6-E5FE3B7E59F9}.Release|x64.Build.0 = Release|Any CPU
		{ABF9356E-312E-4C5B-92E6-E5FE3B7E59F9}.Release|x86.ActiveCfg = Release|Any CPU
		{ABF9356E-312E-4C5B-92E6-E5FE3B7E59F9}.Release|x86.Build.0 = Release|Any CPU
		{BB8CF8CB-ED4C-4D70-8BA4-CBC63F21CFE1}.Debug|Any CPU.ActiveCfg = Debug|Any CPU
		{BB8CF8CB-ED4C-4D70-8BA4-CBC63F21CFE1}.Debug|Any CPU.Build.0 = Debug|Any CPU
		{BB8CF8CB-ED4C-4D70-8BA4-CBC63F21CFE1}.Debug|x64.ActiveCfg = Debug|Any CPU
		{BB8CF8CB-ED4C-4D70-8BA4-CBC63F21CFE1}.Debug|x64.Build.0 = Debug|Any CPU
		{BB8CF8CB-ED4C-4D70-8BA4-CBC63F21CFE1}.Debug|x86.ActiveCfg = Debug|Any CPU
		{BB8CF8CB-ED4C-4D70-8BA4-CBC63F21CFE1}.Debug|x86.Build.0 = Debug|Any CPU
		{BB8CF8CB-ED4C-4D70-8BA4-CBC63F21CFE1}.Release|Any CPU.ActiveCfg = Release|Any CPU
		{BB8CF8CB-ED4C-4D70-8BA4-CBC63F21CFE1}.Release|Any CPU.Build.0 = Release|Any CPU
		{BB8CF8CB-ED4C-4D70-8BA4-CBC63F21CFE1}.Release|x64.ActiveCfg = Release|Any CPU
		{BB8CF8CB-ED4C-4D70-8BA4-CBC63F21CFE1}.Release|x64.Build.0 = Release|Any CPU
		{BB8CF8CB-ED4C-4D70-8BA4-CBC63F21CFE1}.Release|x86.ActiveCfg = Release|Any CPU
		{BB8CF8CB-ED4C-4D70-8BA4-CBC63F21CFE1}.Release|x86.Build.0 = Release|Any CPU
	EndGlobalSection
	GlobalSection(SolutionProperties) = preSolution
		HideSolutionNode = FALSE
	EndGlobalSection
	GlobalSection(ExtensibilityGlobals) = postSolution
		SolutionGuid = {07230C07-837C-4B7D-A93D-9A4495C365B7}
	EndGlobalSection
EndGlobal
