
Microsoft Visual Studio Solution File, Format Version 12.00
# Visual Studio Version 17
VisualStudioVersion = 17.5.002.0
MinimumVisualStudioVersion = 10.0.40219.1
Project("{9A19103F-16F7-4668-BE54-9A1E7A4F7556}") = "Config-CLIArgs", "Config-CLIArgs.csproj", "{7E46A880-75B5-44B9-82BA-EA4828C2C1D3}"
EndProject
Global
	GlobalSection(SolutionConfigurationPlatforms) = preSolution
		Debug|Any CPU = Debug|Any CPU
		Release|Any CPU = Release|Any CPU
	EndGlobalSection
	GlobalSection(ProjectConfigurationPlatforms) = postSolution
		{7E46A880-75B5-44B9-82BA-EA4828C2C1D3}.Debug|Any CPU.ActiveCfg = Debug|Any CPU
		{7E46A880-75B5-44B9-82BA-EA4828C2C1D3}.Debug|Any CPU.Build.0 = Debug|Any CPU
		{7E46A880-75B5-44B9-82BA-EA4828C2C1D3}.Release|Any CPU.ActiveCfg = Release|Any CPU
		{7E46A880-75B5-44B9-82BA-EA4828C2C1D3}.Release|Any CPU.Build.0 = Release|Any CPU
	EndGlobalSection
	GlobalSection(SolutionProperties) = preSolution
		HideSolutionNode = FALSE
	EndGlobalSection
	GlobalSection(ExtensibilityGlobals) = postSolution
		SolutionGuid = {D5F32EDD-0FDF-4971-86E2-A2041B1B77E2}
	EndGlobalSection
EndGlobal
