
Microsoft Visual Studio Solution File, Format Version 12.00
# Visual Studio Version 17
VisualStudioVersion = 17.5.002.0
MinimumVisualStudioVersion = 10.0.40219.1
Project("{9A19103F-16F7-4668-BE54-9A1E7A4F7556}") = "basic-example", "basic-example.csproj", "{CC6AC239-94BB-4401-8264-23F8C36F1777}"
EndProject
Global
	GlobalSection(SolutionConfigurationPlatforms) = preSolution
		Debug|Any CPU = Debug|Any CPU
		Release|Any CPU = Release|Any CPU
	EndGlobalSection
	GlobalSection(ProjectConfigurationPlatforms) = postSolution
		{CC6AC239-94BB-4401-8264-23F8C36F1777}.Debug|Any CPU.ActiveCfg = Debug|Any CPU
		{CC6AC239-94BB-4401-8264-23F8C36F1777}.Debug|Any CPU.Build.0 = Debug|Any CPU
		{CC6AC239-94BB-4401-8264-23F8C36F1777}.Release|Any CPU.ActiveCfg = Release|Any CPU
		{CC6AC239-94BB-4401-8264-23F8C36F1777}.Release|Any CPU.Build.0 = Release|Any CPU
	EndGlobalSection
	GlobalSection(SolutionProperties) = preSolution
		HideSolutionNode = FALSE
	EndGlobalSection
	GlobalSection(ExtensibilityGlobals) = postSolution
		SolutionGuid = {5DDA817C-1304-4F5C-B12F-9666899E8A34}
	EndGlobalSection
EndGlobal
