
Microsoft Visual Studio Solution File, Format Version 12.00
# Visual Studio Version 17
VisualStudioVersion = 17.5.002.0
MinimumVisualStudioVersion = 10.0.40219.1
Project("{9A19103F-16F7-4668-BE54-9A1E7A4F7556}") = "basic-example", "basic-example\basic-example.csproj", "{3E07569C-52B8-46E6-B6FB-974A883C0A77}"
EndProject
Project("{9A19103F-16F7-4668-BE54-9A1E7A4F7556}") = "basic-example.client", "basic-example.client\basic-example.client.csproj", "{46EC506A-C9C7-4D5F-A050-CAF2DB19F6EA}"
EndProject
Global
	GlobalSection(SolutionConfigurationPlatforms) = preSolution
		Debug|Any CPU = Debug|Any CPU
		Release|Any CPU = Release|Any CPU
	EndGlobalSection
	GlobalSection(ProjectConfigurationPlatforms) = postSolution
		{3E07569C-52B8-46E6-B6FB-974A883C0A77}.Debug|Any CPU.ActiveCfg = Debug|Any CPU
		{3E07569C-52B8-46E6-B6FB-974A883C0A77}.Debug|Any CPU.Build.0 = Debug|Any CPU
		{3E07569C-52B8-46E6-B6FB-974A883C0A77}.Release|Any CPU.ActiveCfg = Release|Any CPU
		{3E07569C-52B8-46E6-B6FB-974A883C0A77}.Release|Any CPU.Build.0 = Release|Any CPU
		{46EC506A-C9C7-4D5F-A050-CAF2DB19F6EA}.Debug|Any CPU.ActiveCfg = Debug|Any CPU
		{46EC506A-C9C7-4D5F-A050-CAF2DB19F6EA}.Debug|Any CPU.Build.0 = Debug|Any CPU
		{46EC506A-C9C7-4D5F-A050-CAF2DB19F6EA}.Release|Any CPU.ActiveCfg = Release|Any CPU
		{46EC506A-C9C7-4D5F-A050-CAF2DB19F6EA}.Release|Any CPU.Build.0 = Release|Any CPU
	EndGlobalSection
	GlobalSection(SolutionProperties) = preSolution
		HideSolutionNode = FALSE
	EndGlobalSection
	GlobalSection(ExtensibilityGlobals) = postSolution
		SolutionGuid = {8BF1B7AD-513F-44FD-B364-CA8670278F76}
	EndGlobalSection
EndGlobal
