
Microsoft Visual Studio Solution File, Format Version 12.00
# Visual Studio Version 17
VisualStudioVersion = 17.5.002.0
MinimumVisualStudioVersion = 10.0.40219.1
Project("{9A19103F-16F7-4668-BE54-9A1E7A4F7556}") = "singleOrgTemplate8", "singleOrgTemplate8.csproj", "{314B1026-47FF-4F8C-8856-26595914FE9E}"
EndProject
Global
	GlobalSection(SolutionConfigurationPlatforms) = preSolution
		Debug|Any CPU = Debug|Any CPU
		Release|Any CPU = Release|Any CPU
	EndGlobalSection
	GlobalSection(ProjectConfigurationPlatforms) = postSolution
		{314B1026-47FF-4F8C-8856-26595914FE9E}.Debug|Any CPU.ActiveCfg = Debug|Any CPU
		{314B1026-47FF-4F8C-8856-26595914FE9E}.Debug|Any CPU.Build.0 = Debug|Any CPU
		{314B1026-47FF-4F8C-8856-26595914FE9E}.Release|Any CPU.ActiveCfg = Release|Any CPU
		{314B1026-47FF-4F8C-8856-26595914FE9E}.Release|Any CPU.Build.0 = Release|Any CPU
	EndGlobalSection
	GlobalSection(SolutionProperties) = preSolution
		HideSolutionNode = FALSE
	EndGlobalSection
	GlobalSection(ExtensibilityGlobals) = postSolution
		SolutionGuid = {BCB4E426-D4C4-4265-94DB-E6DDF931C3DE}
	EndGlobalSection
EndGlobal
