Microsoft Visual Studio Solution File, Format Version 12.00
# Visual Studio Version 16
VisualStudioVersion = 16.0.0.0
MinimumVisualStudioVersion = 16.0.0.0
Project("{2549AABA-66C1-4C4C-A592-734B6F1D108A}") = "WasmMB_w_Auth", "WasmMB_w_Auth\WasmMB_w_Auth.csproj", "{39C34668-0887-443F-AC80-164BDCE291CD}"
EndProject
Project("{2549AABA-66C1-4C4C-A592-734B6F1D108A}") = "WasmMB_w_Auth.Client", "WasmMB_w_Auth.Client\WasmMB_w_Auth.Client.csproj", "{79E51DEC-117F-4AB3-84E1-B703EF6117E7}"
EndProject
Global
	GlobalSection(SolutionConfigurationPlatforms) = preSolution
		Debug|Any CPU = Debug|Any CPU
		Debug|x64 = Debug|x64
		Debug|x86 = Debug|x86
		Release|Any CPU = Release|Any CPU
		Release|x64 = Release|x64
		Release|x86 = Release|x86
	EndGlobalSection
	GlobalSection(ProjectConfigurationPlatforms) = postSolution
		{1E6DD106-FC04-4481-8E07-BCFB080CB792}.Debug|Any CPU.ActiveCfg = Debug|Any CPU
		{1E6DD106-FC04-4481-8E07-BCFB080CB792}.Debug|Any CPU.Build.0 = Debug|Any CPU
		{1E6DD106-FC04-4481-8E07-BCFB080CB792}.Debug|x64.ActiveCfg = Debug|Any CPU
		{1E6DD106-FC04-4481-8E07-BCFB080CB792}.Debug|x64.Build.0 = Debug|Any CPU
		{1E6DD106-FC04-4481-8E07-BCFB080CB792}.Debug|x86.ActiveCfg = Debug|Any CPU
		{1E6DD106-FC04-4481-8E07-BCFB080CB792}.Debug|x86.Build.0 = Debug|Any CPU
		{1E6DD106-FC04-4481-8E07-BCFB080CB792}.Release|Any CPU.ActiveCfg = Release|Any CPU
		{1E6DD106-FC04-4481-8E07-BCFB080CB792}.Release|Any CPU.Build.0 = Release|Any CPU
		{1E6DD106-FC04-4481-8E07-BCFB080CB792}.Release|x64.ActiveCfg = Release|Any CPU
		{1E6DD106-FC04-4481-8E07-BCFB080CB792}.Release|x64.Build.0 = Release|Any CPU
		{1E6DD106-FC04-4481-8E07-BCFB080CB792}.Release|x86.ActiveCfg = Release|Any CPU
		{1E6DD106-FC04-4481-8E07-BCFB080CB792}.Release|x86.Build.0 = Release|Any CPU
		{975C6F98-3994-48BA-AF4E-C1A631FF4ABA}.Debug|Any CPU.ActiveCfg = Debug|Any CPU
		{975C6F98-3994-48BA-AF4E-C1A631FF4ABA}.Debug|Any CPU.Build.0 = Debug|Any CPU
		{975C6F98-3994-48BA-AF4E-C1A631FF4ABA}.Debug|x64.ActiveCfg = Debug|Any CPU
		{975C6F98-3994-48BA-AF4E-C1A631FF4ABA}.Debug|x64.Build.0 = Debug|Any CPU
		{975C6F98-3994-48BA-AF4E-C1A631FF4ABA}.Debug|x86.ActiveCfg = Debug|Any CPU
		{975C6F98-3994-48BA-AF4E-C1A631FF4ABA}.Debug|x86.Build.0 = Debug|Any CPU
		{975C6F98-3994-48BA-AF4E-C1A631FF4ABA}.Release|Any CPU.ActiveCfg = Release|Any CPU
		{975C6F98-3994-48BA-AF4E-C1A631FF4ABA}.Release|Any CPU.Build.0 = Release|Any CPU
		{975C6F98-3994-48BA-AF4E-C1A631FF4ABA}.Release|x64.ActiveCfg = Release|Any CPU
		{975C6F98-3994-48BA-AF4E-C1A631FF4ABA}.Release|x64.Build.0 = Release|Any CPU
		{975C6F98-3994-48BA-AF4E-C1A631FF4ABA}.Release|x86.ActiveCfg = Release|Any CPU
		{975C6F98-3994-48BA-AF4E-C1A631FF4ABA}.Release|x86.Build.0 = Release|Any CPU
	EndGlobalSection
	GlobalSection(SolutionProperties) = preSolution
		HideSolutionNode = FALSE
	EndGlobalSection
	GlobalSection(ExtensibilityGlobals) = postSolution
		SolutionGuid = {1836739E-2CC0-4C98-992C-942ECDAA5DD6}
	EndGlobalSection
EndGlobal
