
Microsoft Visual Studio Solution File, Format Version 12.00
# Visual Studio Version 17
VisualStudioVersion = 17.5.002.0
MinimumVisualStudioVersion = 10.0.40219.1
Project("{9A19103F-16F7-4668-BE54-9A1E7A4F7556}") = "htmx-apikey-request", "htmx-apikey-request.csproj", "{DCF76277-47FA-456B-8930-D26AACC4CB4E}"
EndProject
Global
	GlobalSection(SolutionConfigurationPlatforms) = preSolution
		Debug|Any CPU = Debug|Any CPU
		Release|Any CPU = Release|Any CPU
	EndGlobalSection
	GlobalSection(ProjectConfigurationPlatforms) = postSolution
		{DCF76277-47FA-456B-8930-D26AACC4CB4E}.Debug|Any CPU.ActiveCfg = Debug|Any CPU
		{DCF76277-47FA-456B-8930-D26AACC4CB4E}.Debug|Any CPU.Build.0 = Debug|Any CPU
		{DCF76277-47FA-456B-8930-D26AACC4CB4E}.Release|Any CPU.ActiveCfg = Release|Any CPU
		{DCF76277-47FA-456B-8930-D26AACC4CB4E}.Release|Any CPU.Build.0 = Release|Any CPU
	EndGlobalSection
	GlobalSection(SolutionProperties) = preSolution
		HideSolutionNode = FALSE
	EndGlobalSection
	GlobalSection(ExtensibilityGlobals) = postSolution
		SolutionGuid = {F6CE68D1-3104-4906-A82E-D33B3DA4EFED}
	EndGlobalSection
EndGlobal
