
Microsoft Visual Studio Solution File, Format Version 12.00
# Visual Studio Version 17
VisualStudioVersion = 17.5.001.0
MinimumVisualStudioVersion = 10.0.40219.1
Project("{9A19103F-16F7-4668-BE54-9A1E7A4F7556}") = "ldapconnections", "ldapconnections.csproj", "{CC047935-6350-4DC9-9190-A5A18976CAE7}"
EndProject
Global
	GlobalSection(SolutionConfigurationPlatforms) = preSolution
		Debug|Any CPU = Debug|Any CPU
		Release|Any CPU = Release|Any CPU
	EndGlobalSection
	GlobalSection(ProjectConfigurationPlatforms) = postSolution
		{CC047935-6350-4DC9-9190-A5A18976CAE7}.Debug|Any CPU.ActiveCfg = Debug|Any CPU
		{CC047935-6350-4DC9-9190-A5A18976CAE7}.Debug|Any CPU.Build.0 = Debug|Any CPU
		{CC047935-6350-4DC9-9190-A5A18976CAE7}.Release|Any CPU.ActiveCfg = Release|Any CPU
		{CC047935-6350-4DC9-9190-A5A18976CAE7}.Release|Any CPU.Build.0 = Release|Any CPU
	EndGlobalSection
	GlobalSection(SolutionProperties) = preSolution
		HideSolutionNode = FALSE
	EndGlobalSection
	GlobalSection(ExtensibilityGlobals) = postSolution
		SolutionGuid = {C05EF7FD-BDE2-4E6C-BE95-8CD628376DB5}
	EndGlobalSection
EndGlobal
