
Microsoft Visual Studio Solution File, Format Version 12.00
# Visual Studio Version 17
VisualStudioVersion = 17.5.002.0
MinimumVisualStudioVersion = 10.0.40219.1
Project("{9A19103F-16F7-4668-BE54-9A1E7A4F7556}") = "csvWriter_example", "csvWriter_example.csproj", "{C588A9C7-940E-4D11-BAF5-A76B1E2C398B}"
EndProject
Global
	GlobalSection(SolutionConfigurationPlatforms) = preSolution
		Debug|Any CPU = Debug|Any CPU
		Release|Any CPU = Release|Any CPU
	EndGlobalSection
	GlobalSection(ProjectConfigurationPlatforms) = postSolution
		{C588A9C7-940E-4D11-BAF5-A76B1E2C398B}.Debug|Any CPU.ActiveCfg = Debug|Any CPU
		{C588A9C7-940E-4D11-BAF5-A76B1E2C398B}.Debug|Any CPU.Build.0 = Debug|Any CPU
		{C588A9C7-940E-4D11-BAF5-A76B1E2C398B}.Release|Any CPU.ActiveCfg = Release|Any CPU
		{C588A9C7-940E-4D11-BAF5-A76B1E2C398B}.Release|Any CPU.Build.0 = Release|Any CPU
	EndGlobalSection
	GlobalSection(SolutionProperties) = preSolution
		HideSolutionNode = FALSE
	EndGlobalSection
	GlobalSection(ExtensibilityGlobals) = postSolution
		SolutionGuid = {8FF22959-8E84-4E23-985A-38B5C691F6F1}
	EndGlobalSection
EndGlobal
