
Microsoft Visual Studio Solution File, Format Version 12.00
# Visual Studio Version 17
VisualStudioVersion = 17.5.002.0
MinimumVisualStudioVersion = 10.0.40219.1
Project("{9A19103F-16F7-4668-BE54-9A1E7A4F7556}") = "DataStoreExample", "DataStoreExample\DataStoreExample.csproj", "{EF56432C-3824-4846-99B1-483565E09E29}"
EndProject
Project("{9A19103F-16F7-4668-BE54-9A1E7A4F7556}") = "DataStoreExample.Test", "DataStoreExample.Test\DataStoreExample.Test.csproj", "{A7B179FB-1B04-4BE2-A136-1E022E83C6F8}"
EndProject
Global
	GlobalSection(SolutionConfigurationPlatforms) = preSolution
		Debug|Any CPU = Debug|Any CPU
		Release|Any CPU = Release|Any CPU
	EndGlobalSection
	GlobalSection(ProjectConfigurationPlatforms) = postSolution
		{EF56432C-3824-4846-99B1-483565E09E29}.Debug|Any CPU.ActiveCfg = Debug|Any CPU
		{EF56432C-3824-4846-99B1-483565E09E29}.Debug|Any CPU.Build.0 = Debug|Any CPU
		{EF56432C-3824-4846-99B1-483565E09E29}.Release|Any CPU.ActiveCfg = Release|Any CPU
		{EF56432C-3824-4846-99B1-483565E09E29}.Release|Any CPU.Build.0 = Release|Any CPU
		{A7B179FB-1B04-4BE2-A136-1E022E83C6F8}.Debug|Any CPU.ActiveCfg = Debug|Any CPU
		{A7B179FB-1B04-4BE2-A136-1E022E83C6F8}.Debug|Any CPU.Build.0 = Debug|Any CPU
		{A7B179FB-1B04-4BE2-A136-1E022E83C6F8}.Release|Any CPU.ActiveCfg = Release|Any CPU
		{A7B179FB-1B04-4BE2-A136-1E022E83C6F8}.Release|Any CPU.Build.0 = Release|Any CPU
	EndGlobalSection
	GlobalSection(SolutionProperties) = preSolution
		HideSolutionNode = FALSE
	EndGlobalSection
	GlobalSection(ExtensibilityGlobals) = postSolution
		SolutionGuid = {6469FDE1-1DAF-4A8A-ADA8-D1ABAE1153EE}
	EndGlobalSection
EndGlobal
