Microsoft Visual Studio Solution File, Format Version 12.00
# Visual Studio Version 17
VisualStudioVersion = 17.8.0.0
MinimumVisualStudioVersion = 17.8.0.0
Project("{9A19103F-16F7-4668-BE54-9A1E7A4F7556}") = "BasicNonStarterExample.AppHost", "BasicNonStarterExample.AppHost\BasicNonStarterExample.AppHost.csproj", "{611FCB25-04BF-43AF-98DA-A04FA5D50758}"
EndProject
Project("{9A19103F-16F7-4668-BE54-9A1E7A4F7556}") = "BasicNonStarterExample.ServiceDefaults", "BasicNonStarterExample.ServiceDefaults\BasicNonStarterExample.ServiceDefaults.csproj", "{397B2D1B-8549-4122-9CD8-539323728D6F}"
EndProject
Global
	GlobalSection(SolutionConfigurationPlatforms) = preSolution
		Debug|Any CPU = Debug|Any CPU
		Release|Any CPU = Release|Any CPU
	EndGlobalSection
	GlobalSection(ProjectConfigurationPlatforms) = postSolution
		{611FCB25-04BF-43AF-98DA-A04FA5D50758}.Debug|Any CPU.ActiveCfg = Debug|Any CPU
		{611FCB25-04BF-43AF-98DA-A04FA5D50758}.Debug|Any CPU.Build.0 = Debug|Any CPU
		{611FCB25-04BF-43AF-98DA-A04FA5D50758}.Release|Any CPU.ActiveCfg = Release|Any CPU
		{611FCB25-04BF-43AF-98DA-A04FA5D50758}.Release|Any CPU.Build.0 = Release|Any CPU
		{397B2D1B-8549-4122-9CD8-539323728D6F}.Debug|Any CPU.ActiveCfg = Debug|Any CPU
		{397B2D1B-8549-4122-9CD8-539323728D6F}.Debug|Any CPU.Build.0 = Debug|Any CPU
		{397B2D1B-8549-4122-9CD8-539323728D6F}.Release|Any CPU.ActiveCfg = Release|Any CPU
		{397B2D1B-8549-4122-9CD8-539323728D6F}.Release|Any CPU.Build.0 = Release|Any CPU
	EndGlobalSection
	GlobalSection(SolutionProperties) = preSolution
		HideSolutionNode = FALSE
	EndGlobalSection
	GlobalSection(ExtensibilityGlobals) = postSolution
		SolutionGuid = {354874BC-DF7E-4699-A781-DB18B5AB669C}
	EndGlobalSection
EndGlobal