
Microsoft Visual Studio Solution File, Format Version 12.00
# Visual Studio Version 17
VisualStudioVersion = 17.5.002.0
MinimumVisualStudioVersion = 10.0.40219.1
Project("{9A19103F-16F7-4668-BE54-9A1E7A4F7556}") = "using-controllers", "using-controllers.csproj", "{F1DA50A6-DBD1-4C82-8ED1-F9B1D2E82C8B}"
EndProject
Global
	GlobalSection(SolutionConfigurationPlatforms) = preSolution
		Debug|Any CPU = Debug|Any CPU
		Release|Any CPU = Release|Any CPU
	EndGlobalSection
	GlobalSection(ProjectConfigurationPlatforms) = postSolution
		{F1DA50A6-DBD1-4C82-8ED1-F9B1D2E82C8B}.Debug|Any CPU.ActiveCfg = Debug|Any CPU
		{F1DA50A6-DBD1-4C82-8ED1-F9B1D2E82C8B}.Debug|Any CPU.Build.0 = Debug|Any CPU
		{F1DA50A6-DBD1-4C82-8ED1-F9B1D2E82C8B}.Release|Any CPU.ActiveCfg = Release|Any CPU
		{F1DA50A6-DBD1-4C82-8ED1-F9B1D2E82C8B}.Release|Any CPU.Build.0 = Release|Any CPU
	EndGlobalSection
	GlobalSection(SolutionProperties) = preSolution
		HideSolutionNode = FALSE
	EndGlobalSection
	GlobalSection(ExtensibilityGlobals) = postSolution
		SolutionGuid = {EB6DF86C-A9D5-48D0-A15A-D97C0EE8DA71}
	EndGlobalSection
EndGlobal
