
Microsoft Visual Studio Solution File, Format Version 12.00
# Visual Studio Version 17
VisualStudioVersion = 17.5.002.0
MinimumVisualStudioVersion = 10.0.40219.1
Project("{9A19103F-16F7-4668-BE54-9A1E7A4F7556}") = "MudBlazorWasm", "MudBlazorWasm.csproj", "{27E9E9EF-5CF1-4193-A2C6-DE51260C6A88}"
EndProject
Global
	GlobalSection(SolutionConfigurationPlatforms) = preSolution
		Debug|Any CPU = Debug|Any CPU
		Release|Any CPU = Release|Any CPU
	EndGlobalSection
	GlobalSection(ProjectConfigurationPlatforms) = postSolution
		{27E9E9EF-5CF1-4193-A2C6-DE51260C6A88}.Debug|Any CPU.ActiveCfg = Debug|Any CPU
		{27E9E9EF-5CF1-4193-A2C6-DE51260C6A88}.Debug|Any CPU.Build.0 = Debug|Any CPU
		{27E9E9EF-5CF1-4193-A2C6-DE51260C6A88}.Release|Any CPU.ActiveCfg = Release|Any CPU
		{27E9E9EF-5CF1-4193-A2C6-DE51260C6A88}.Release|Any CPU.Build.0 = Release|Any CPU
	EndGlobalSection
	GlobalSection(SolutionProperties) = preSolution
		HideSolutionNode = FALSE
	EndGlobalSection
	GlobalSection(ExtensibilityGlobals) = postSolution
		SolutionGuid = {33B53CF4-68A6-464D-9D74-C2FC1FFE0671}
	EndGlobalSection
EndGlobal
