
Microsoft Visual Studio Solution File, Format Version 12.00
# Visual Studio Version 17
VisualStudioVersion = 17.5.002.0
MinimumVisualStudioVersion = 10.0.40219.1
Project("{9A19103F-16F7-4668-BE54-9A1E7A4F7556}") = "TTU.WebAPI.Template", "TTU.WebAPI.Template.csproj", "{D98CF7F6-04D1-4F8E-8A66-B722F98805D5}"
EndProject
Global
	GlobalSection(SolutionConfigurationPlatforms) = preSolution
		Debug|Any CPU = Debug|Any CPU
		Release|Any CPU = Release|Any CPU
	EndGlobalSection
	GlobalSection(ProjectConfigurationPlatforms) = postSolution
		{D98CF7F6-04D1-4F8E-8A66-B722F98805D5}.Debug|Any CPU.ActiveCfg = Debug|Any CPU
		{D98CF7F6-04D1-4F8E-8A66-B722F98805D5}.Debug|Any CPU.Build.0 = Debug|Any CPU
		{D98CF7F6-04D1-4F8E-8A66-B722F98805D5}.Release|Any CPU.ActiveCfg = Release|Any CPU
		{D98CF7F6-04D1-4F8E-8A66-B722F98805D5}.Release|Any CPU.Build.0 = Release|Any CPU
	EndGlobalSection
	GlobalSection(SolutionProperties) = preSolution
		HideSolutionNode = FALSE
	EndGlobalSection
	GlobalSection(ExtensibilityGlobals) = postSolution
		SolutionGuid = {86DEA740-7AFF-48CC-9036-CF692AF4D0A3}
	EndGlobalSection
EndGlobal
