
Microsoft Visual Studio Solution File, Format Version 12.00
# Visual Studio Version 17
VisualStudioVersion = 17.5.002.0
MinimumVisualStudioVersion = 10.0.40219.1
Project("{9A19103F-16F7-4668-BE54-9A1E7A4F7556}") = "Net8.BlazorAutoGlobal", "Net8.BlazorAutoGlobal\Net8.BlazorAutoGlobal.csproj", "{4FA56C89-5414-4212-8204-C8263B641797}"
EndProject
Project("{9A19103F-16F7-4668-BE54-9A1E7A4F7556}") = "Net8.BlazorAutoGlobal.Client", "Net8.BlazorAutoGlobal.Client\Net8.BlazorAutoGlobal.Client.csproj", "{3D0FF57E-A8A5-4A2B-AAE4-233C8752EE02}"
EndProject
Global
	GlobalSection(SolutionConfigurationPlatforms) = preSolution
		Debug|Any CPU = Debug|Any CPU
		Release|Any CPU = Release|Any CPU
	EndGlobalSection
	GlobalSection(ProjectConfigurationPlatforms) = postSolution
		{4FA56C89-5414-4212-8204-C8263B641797}.Debug|Any CPU.ActiveCfg = Debug|Any CPU
		{4FA56C89-5414-4212-8204-C8263B641797}.Debug|Any CPU.Build.0 = Debug|Any CPU
		{4FA56C89-5414-4212-8204-C8263B641797}.Release|Any CPU.ActiveCfg = Release|Any CPU
		{4FA56C89-5414-4212-8204-C8263B641797}.Release|Any CPU.Build.0 = Release|Any CPU
		{3D0FF57E-A8A5-4A2B-AAE4-233C8752EE02}.Debug|Any CPU.ActiveCfg = Debug|Any CPU
		{3D0FF57E-A8A5-4A2B-AAE4-233C8752EE02}.Debug|Any CPU.Build.0 = Debug|Any CPU
		{3D0FF57E-A8A5-4A2B-AAE4-233C8752EE02}.Release|Any CPU.ActiveCfg = Release|Any CPU
		{3D0FF57E-A8A5-4A2B-AAE4-233C8752EE02}.Release|Any CPU.Build.0 = Release|Any CPU
	EndGlobalSection
	GlobalSection(SolutionProperties) = preSolution
		HideSolutionNode = FALSE
	EndGlobalSection
	GlobalSection(ExtensibilityGlobals) = postSolution
		SolutionGuid = {37D69054-151E-466C-85BF-D79A46CC1538}
	EndGlobalSection
EndGlobal
