
Microsoft Visual Studio Solution File, Format Version 12.00
# Visual Studio Version 17
VisualStudioVersion = 17.5.001.0
MinimumVisualStudioVersion = 10.0.40219.1
Project("{9A19103F-16F7-4668-BE54-9A1E7A4F7556}") = "express-widget-example", "express-widget-example.csproj", "{14B18672-86CB-4067-8EC1-B718B3F2D540}"
EndProject
Global
	GlobalSection(SolutionConfigurationPlatforms) = preSolution
		Debug|Any CPU = Debug|Any CPU
		Release|Any CPU = Release|Any CPU
	EndGlobalSection
	GlobalSection(ProjectConfigurationPlatforms) = postSolution
		{14B18672-86CB-4067-8EC1-B718B3F2D540}.Debug|Any CPU.ActiveCfg = Debug|Any CPU
		{14B18672-86CB-4067-8EC1-B718B3F2D540}.Debug|Any CPU.Build.0 = Debug|Any CPU
		{14B18672-86CB-4067-8EC1-B718B3F2D540}.Release|Any CPU.ActiveCfg = Release|Any CPU
		{14B18672-86CB-4067-8EC1-B718B3F2D540}.Release|Any CPU.Build.0 = Release|Any CPU
	EndGlobalSection
	GlobalSection(SolutionProperties) = preSolution
		HideSolutionNode = FALSE
	EndGlobalSection
	GlobalSection(ExtensibilityGlobals) = postSolution
		SolutionGuid = {4C2CD8EF-45FC-4082-A22D-4AD5EC55F21E}
	EndGlobalSection
EndGlobal
