Microsoft Visual Studio Solution File, Format Version 12.00
# Visual Studio Version 16
VisualStudioVersion = 16.0.0.0
MinimumVisualStudioVersion = 16.0.0.0
Project("{9A19103F-16F7-4668-BE54-9A1E7A4F7556}") = "HavitBasicExample", "HavitBasicExample\HavitBasicExample.csproj", "{092459B6-2135-43C9-905B-673521790F94}"
EndProject
Project("{9A19103F-16F7-4668-BE54-9A1E7A4F7556}") = "HavitBasicExample.Client", "HavitBasicExample.Client\HavitBasicExample.Client.csproj", "{11EDDD92-175B-4D8A-9383-4E090FBE8768}"
EndProject
Global
	GlobalSection(SolutionConfigurationPlatforms) = preSolution
		Debug|Any CPU = Debug|Any CPU
		Debug|x64 = Debug|x64
		Debug|x86 = Debug|x86
		Release|Any CPU = Release|Any CPU
		Release|x64 = Release|x64
		Release|x86 = Release|x86
	EndGlobalSection
	GlobalSection(ProjectConfigurationPlatforms) = postSolution
		{11EDDD92-175B-4D8A-9383-4E090FBE8768}.Debug|Any CPU.ActiveCfg = Debug|Any CPU
		{11EDDD92-175B-4D8A-9383-4E090FBE8768}.Debug|Any CPU.Build.0 = Debug|Any CPU
		{11EDDD92-175B-4D8A-9383-4E090FBE8768}.Debug|x64.ActiveCfg = Debug|Any CPU
		{11EDDD92-175B-4D8A-9383-4E090FBE8768}.Debug|x64.Build.0 = Debug|Any CPU
		{11EDDD92-175B-4D8A-9383-4E090FBE8768}.Debug|x86.ActiveCfg = Debug|Any CPU
		{11EDDD92-175B-4D8A-9383-4E090FBE8768}.Debug|x86.Build.0 = Debug|Any CPU
		{11EDDD92-175B-4D8A-9383-4E090FBE8768}.Release|Any CPU.ActiveCfg = Release|Any CPU
		{11EDDD92-175B-4D8A-9383-4E090FBE8768}.Release|Any CPU.Build.0 = Release|Any CPU
		{11EDDD92-175B-4D8A-9383-4E090FBE8768}.Release|x64.ActiveCfg = Release|Any CPU
		{11EDDD92-175B-4D8A-9383-4E090FBE8768}.Release|x64.Build.0 = Release|Any CPU
		{11EDDD92-175B-4D8A-9383-4E090FBE8768}.Release|x86.ActiveCfg = Release|Any CPU
		{11EDDD92-175B-4D8A-9383-4E090FBE8768}.Release|x86.Build.0 = Release|Any CPU
		{092459B6-2135-43C9-905B-673521790F94}.Debug|Any CPU.ActiveCfg = Debug|Any CPU
		{092459B6-2135-43C9-905B-673521790F94}.Debug|Any CPU.Build.0 = Debug|Any CPU
		{092459B6-2135-43C9-905B-673521790F94}.Debug|x64.ActiveCfg = Debug|Any CPU
		{092459B6-2135-43C9-905B-673521790F94}.Debug|x64.Build.0 = Debug|Any CPU
		{092459B6-2135-43C9-905B-673521790F94}.Debug|x86.ActiveCfg = Debug|Any CPU
		{092459B6-2135-43C9-905B-673521790F94}.Debug|x86.Build.0 = Debug|Any CPU
		{092459B6-2135-43C9-905B-673521790F94}.Release|Any CPU.ActiveCfg = Release|Any CPU
		{092459B6-2135-43C9-905B-673521790F94}.Release|Any CPU.Build.0 = Release|Any CPU
		{092459B6-2135-43C9-905B-673521790F94}.Release|x64.ActiveCfg = Release|Any CPU
		{092459B6-2135-43C9-905B-673521790F94}.Release|x64.Build.0 = Release|Any CPU
		{092459B6-2135-43C9-905B-673521790F94}.Release|x86.ActiveCfg = Release|Any CPU
		{092459B6-2135-43C9-905B-673521790F94}.Release|x86.Build.0 = Release|Any CPU
	EndGlobalSection
	GlobalSection(SolutionProperties) = preSolution
		HideSolutionNode = FALSE
	EndGlobalSection
	GlobalSection(ExtensibilityGlobals) = postSolution
		SolutionGuid = {E4114842-99FA-44EC-B432-6FAFABD83634}
	EndGlobalSection
EndGlobal
