
Microsoft Visual Studio Solution File, Format Version 12.00
# Visual Studio Version 17
VisualStudioVersion = 17.5.002.0
MinimumVisualStudioVersion = 10.0.40219.1
Project("{9A19103F-16F7-4668-BE54-9A1E7A4F7556}") = "ssr", "ssr.csproj", "{F4CFAE22-3DFE-42EC-8B07-85427B7B7531}"
EndProject
Global
	GlobalSection(SolutionConfigurationPlatforms) = preSolution
		Debug|Any CPU = Debug|Any CPU
		Release|Any CPU = Release|Any CPU
	EndGlobalSection
	GlobalSection(ProjectConfigurationPlatforms) = postSolution
		{F4CFAE22-3DFE-42EC-8B07-85427B7B7531}.Debug|Any CPU.ActiveCfg = Debug|Any CPU
		{F4CFAE22-3DFE-42EC-8B07-85427B7B7531}.Debug|Any CPU.Build.0 = Debug|Any CPU
		{F4CFAE22-3DFE-42EC-8B07-85427B7B7531}.Release|Any CPU.ActiveCfg = Release|Any CPU
		{F4CFAE22-3DFE-42EC-8B07-85427B7B7531}.Release|Any CPU.Build.0 = Release|Any CPU
	EndGlobalSection
	GlobalSection(SolutionProperties) = preSolution
		HideSolutionNode = FALSE
	EndGlobalSection
	GlobalSection(ExtensibilityGlobals) = postSolution
		SolutionGuid = {5D01A123-793B-4270-BC21-EB8CBFBD0C59}
	EndGlobalSection
EndGlobal
