github.com/samber/lo v1.45.0 h1:TPK85Y30Lv9Jh8s3TrJeA94u1hwcbFA9JObx/vT6lYU=
github.com/samber/lo v1.45.0/go.mod h1:RmDH9Ct32Qy3gduHQuKJ3gW1fMHAnE/fAzQuf6He5cU=
github.com/samber/mo v1.12.0 h1:deT12fuSZ1fCFCaHCNL2PA8GoMEYwoa2rWHL+VUeeoM=
github.com/samber/mo v1.12.0/go.mod h1:BfkrCPuYzVG3ZljnZB783WIJIGk1mcZr9c9CPf8tAxs=
golang.org/x/text v0.16.0 h1:a94ExnEXNtEwYLGJSIUxnWoxoRz/ZcCsV63ROupILh4=
golang.org/x/text v0.16.0/go.mod h1:GhwF1Be+LQoKShO3cGOHzqOgRrGaYc9AvblQOmPVHnI=
