
Microsoft Visual Studio Solution File, Format Version 12.00
# Visual Studio Version 17
VisualStudioVersion = 17.5.002.0
MinimumVisualStudioVersion = 10.0.40219.1
Project("{9A19103F-16F7-4668-BE54-9A1E7A4F7556}") = "datastore", "datastore\datastore.csproj", "{FBD7A8EB-A375-4958-A120-5CB860F52041}"
EndProject
Project("{9A19103F-16F7-4668-BE54-9A1E7A4F7556}") = "datastore.test", "datastore.test\datastore.test.csproj", "{9AE76215-8001-4444-AF9B-33E26B4EF7BB}"
EndProject
Global
	GlobalSection(SolutionConfigurationPlatforms) = preSolution
		Debug|Any CPU = Debug|Any CPU
		Release|Any CPU = Release|Any CPU
	EndGlobalSection
	GlobalSection(ProjectConfigurationPlatforms) = postSolution
		{FBD7A8EB-A375-4958-A120-5CB860F52041}.Debug|Any CPU.ActiveCfg = Debug|Any CPU
		{FBD7A8EB-A375-4958-A120-5CB860F52041}.Debug|Any CPU.Build.0 = Debug|Any CPU
		{FBD7A8EB-A375-4958-A120-5CB860F52041}.Release|Any CPU.ActiveCfg = Release|Any CPU
		{FBD7A8EB-A375-4958-A120-5CB860F52041}.Release|Any CPU.Build.0 = Release|Any CPU
		{9AE76215-8001-4444-AF9B-33E26B4EF7BB}.Debug|Any CPU.ActiveCfg = Debug|Any CPU
		{9AE76215-8001-4444-AF9B-33E26B4EF7BB}.Debug|Any CPU.Build.0 = Debug|Any CPU
		{9AE76215-8001-4444-AF9B-33E26B4EF7BB}.Release|Any CPU.ActiveCfg = Release|Any CPU
		{9AE76215-8001-4444-AF9B-33E26B4EF7BB}.Release|Any CPU.Build.0 = Release|Any CPU
	EndGlobalSection
	GlobalSection(SolutionProperties) = preSolution
		HideSolutionNode = FALSE
	EndGlobalSection
	GlobalSection(ExtensibilityGlobals) = postSolution
		SolutionGuid = {C97913FF-6F4F-4E83-9CB6-BEC4E211A0FC}
	EndGlobalSection
EndGlobal
